
Microsoft Visual Studio Solution File, Format Version 12.00
# Visual Studio Version 16
VisualStudioVersion = 16.0.28711.60
MinimumVisualStudioVersion = 10.0.40219.1
Project("{FAE04EC0-301F-11D3-BF4B-00C04F79EFBC}") = "SockMerchant", "SockMerchant\SockMerchant.csproj", "{FF6AD1E4-AA92-4B08-BC00-B7997B2F7F15}"
EndProject
Project("{FAE04EC0-301F-11D3-BF4B-00C04F79EFBC}") = "CountingValleys", "CountingValleys\CountingValleys.csproj", "{354F2D3D-87FE-4274-8067-7BA98F10C434}"
EndProject
Project("{FAE04EC0-301F-11D3-BF4B-00C04F79EFBC}") = "JumpingOnTheClouds", "JumpingOnTheClouds\JumpingOnTheClouds.csproj", "{96A184F5-07BD-4A7B-A8A1-F282B19FBF8D}"
EndProject
Global
	GlobalSection(SolutionConfigurationPlatforms) = preSolution
		Debug|Any CPU = Debug|Any CPU
		Release|Any CPU = Release|Any CPU
	EndGlobalSection
	GlobalSection(ProjectConfigurationPlatforms) = postSolution
		{FF6AD1E4-AA92-4B08-BC00-B7997B2F7F15}.Debug|Any CPU.ActiveCfg = Debug|Any CPU
		{FF6AD1E4-AA92-4B08-BC00-B7997B2F7F15}.Debug|Any CPU.Build.0 = Debug|Any CPU
		{FF6AD1E4-AA92-4B08-BC00-B7997B2F7F15}.Release|Any CPU.ActiveCfg = Release|Any CPU
		{FF6AD1E4-AA92-4B08-BC00-B7997B2F7F15}.Release|Any CPU.Build.0 = Release|Any CPU
		{354F2D3D-87FE-4274-8067-7BA98F10C434}.Debug|Any CPU.ActiveCfg = Debug|Any CPU
		{354F2D3D-87FE-4274-8067-7BA98F10C434}.Debug|Any CPU.Build.0 = Debug|Any CPU
		{354F2D3D-87FE-4274-8067-7BA98F10C434}.Release|Any CPU.ActiveCfg = Release|Any CPU
		{354F2D3D-87FE-4274-8067-7BA98F10C434}.Release|Any CPU.Build.0 = Release|Any CPU
		{96A184F5-07BD-4A7B-A8A1-F282B19FBF8D}.Debug|Any CPU.ActiveCfg = Debug|Any CPU
		{96A184F5-07BD-4A7B-A8A1-F282B19FBF8D}.Debug|Any CPU.Build.0 = Debug|Any CPU
		{96A184F5-07BD-4A7B-A8A1-F282B19FBF8D}.Release|Any CPU.ActiveCfg = Release|Any CPU
		{96A184F5-07BD-4A7B-A8A1-F282B19FBF8D}.Release|Any CPU.Build.0 = Release|Any CPU
	EndGlobalSection
	GlobalSection(SolutionProperties) = preSolution
		HideSolutionNode = FALSE
	EndGlobalSection
	GlobalSection(ExtensibilityGlobals) = postSolution
		SolutionGuid = {8B8996B5-4748-48F2-B063-1E595A217A48}
	EndGlobalSection
EndGlobal
